
Microsoft Visual Studio Solution File, Format Version 12.00
# Visual Studio Version 17
VisualStudioVersion = 17.9.34728.123
MinimumVisualStudioVersion = 10.0.40219.1
Project("{888888A0-9F3D-457C-B088-3A5042F75D52}") = "module6hard", "module6hard.pyproj", "{2C8F07EC-9F03-4B4E-B710-C3D7FEED52DB}"
EndProject
Global
	GlobalSection(SolutionConfigurationPlatforms) = preSolution
		Debug|Any CPU = Debug|Any CPU
		Release|Any CPU = Release|Any CPU
	EndGlobalSection
	GlobalSection(ProjectConfigurationPlatforms) = postSolution
		{2C8F07EC-9F03-4B4E-B710-C3D7FEED52DB}.Debug|Any CPU.ActiveCfg = Debug|Any CPU
		{2C8F07EC-9F03-4B4E-B710-C3D7FEED52DB}.Release|Any CPU.ActiveCfg = Release|Any CPU
	EndGlobalSection
	GlobalSection(SolutionProperties) = preSolution
		HideSolutionNode = FALSE
	EndGlobalSection
	GlobalSection(ExtensibilityGlobals) = postSolution
		SolutionGuid = {6F6254E4-4127-4E24-9EC2-EFC4CFFB75B7}
	EndGlobalSection
EndGlobal
